
Microsoft Visual Studio Solution File, Format Version 12.00
# Visual Studio 2013
VisualStudioVersion = 12.0.40629.0
MinimumVisualStudioVersion = 10.0.40219.1
Project("{FAE04EC0-301F-11D3-BF4B-00C04F79EFBC}") = "HSMPQApplication", "HSMPQApplication\HSMPQApplication.csproj", "{7AD51CCB-C066-478F-8E19-EB66F323C05F}"
EndProject
Project("{FAE04EC0-301F-11D3-BF4B-00C04F79EFBC}") = "Tests", "Tests\Tests.csproj", "{0304A4C9-5EBF-4675-B55F-E9427F9B0527}"
EndProject
Project("{2150E333-8FDC-42A3-9474-1A3956D46DE8}") = "Solution Items", "Solution Items", "{46455663-BD38-41E6-9283-627188911664}"
	ProjectSection(SolutionItems) = preProject
		HSMPQApplication.vsmdi = HSMPQApplication.vsmdi
		Local.testsettings = Local.testsettings
		TraceAndTestImpact.testsettings = TraceAndTestImpact.testsettings
	EndProjectSection
EndProject
Project("{FAE04EC0-301F-11D3-BF4B-00C04F79EFBC}") = "HsmmErrorSources.Generation", "HsmmErrorSources.Generation\HsmmErrorSources.Generation.csproj", "{673346C8-EB35-47BC-9A8E-BBD7FEF1B95D}"
EndProject
Project("{FAE04EC0-301F-11D3-BF4B-00C04F79EFBC}") = "HsmmErrorSources.Generation.Test", "HsmmErrorSources.Generation.Test\HsmmErrorSources.Generation.Test.csproj", "{E012CFF6-0085-447E-BB7B-45E6131B7758}"
EndProject
Project("{FAE04EC0-301F-11D3-BF4B-00C04F79EFBC}") = "HsmmErrorSources.Models", "HsmmErrorSources.Models\HsmmErrorSources.Models.csproj", "{E2E2D5F1-BF49-415A-8ED6-F2FC8F2CD209}"
EndProject
Project("{FAE04EC0-301F-11D3-BF4B-00C04F79EFBC}") = "HsmmErrorSources.Models.Test", "HsmmErrorSources.Models.Test\HsmmErrorSources.Models.Test.csproj", "{F3ED23C3-BCC4-48D3-80BE-2FBA4BA576DA}"
EndProject
Project("{FAE04EC0-301F-11D3-BF4B-00C04F79EFBC}") = "HsmmErrorSources.GenerationApp", "HsmmErrorSources.GenerationApp\HsmmErrorSources.GenerationApp.csproj", "{AB6150E2-9367-4C06-86F1-4F5EF5CD5C5E}"
EndProject
Project("{FAE04EC0-301F-11D3-BF4B-00C04F79EFBC}") = "HsmmErrorSources.Analysis", "HsmmErrorSources.Analysis\HsmmErrorSources.Analysis.csproj", "{2C02DB82-E845-418E-8307-6AEFE1363DEF}"
EndProject
Global
	GlobalSection(SolutionConfigurationPlatforms) = preSolution
		Debug|Any CPU = Debug|Any CPU
		Debug|Mixed Platforms = Debug|Mixed Platforms
		Debug|x86 = Debug|x86
		Release|Any CPU = Release|Any CPU
		Release|Mixed Platforms = Release|Mixed Platforms
		Release|x86 = Release|x86
	EndGlobalSection
	GlobalSection(ProjectConfigurationPlatforms) = postSolution
		{7AD51CCB-C066-478F-8E19-EB66F323C05F}.Debug|Any CPU.ActiveCfg = Debug|x86
		{7AD51CCB-C066-478F-8E19-EB66F323C05F}.Debug|Mixed Platforms.ActiveCfg = Debug|x86
		{7AD51CCB-C066-478F-8E19-EB66F323C05F}.Debug|Mixed Platforms.Build.0 = Debug|x86
		{7AD51CCB-C066-478F-8E19-EB66F323C05F}.Debug|x86.ActiveCfg = Debug|x86
		{7AD51CCB-C066-478F-8E19-EB66F323C05F}.Debug|x86.Build.0 = Debug|x86
		{7AD51CCB-C066-478F-8E19-EB66F323C05F}.Release|Any CPU.ActiveCfg = Release|x86
		{7AD51CCB-C066-478F-8E19-EB66F323C05F}.Release|Mixed Platforms.ActiveCfg = Release|x86
		{7AD51CCB-C066-478F-8E19-EB66F323C05F}.Release|Mixed Platforms.Build.0 = Release|x86
		{7AD51CCB-C066-478F-8E19-EB66F323C05F}.Release|x86.ActiveCfg = Release|x86
		{7AD51CCB-C066-478F-8E19-EB66F323C05F}.Release|x86.Build.0 = Release|x86
		{0304A4C9-5EBF-4675-B55F-E9427F9B0527}.Debug|Any CPU.ActiveCfg = Debug|Any CPU
		{0304A4C9-5EBF-4675-B55F-E9427F9B0527}.Debug|Any CPU.Build.0 = Debug|Any CPU
		{0304A4C9-5EBF-4675-B55F-E9427F9B0527}.Debug|Mixed Platforms.ActiveCfg = Debug|Any CPU
		{0304A4C9-5EBF-4675-B55F-E9427F9B0527}.Debug|Mixed Platforms.Build.0 = Debug|Any CPU
		{0304A4C9-5EBF-4675-B55F-E9427F9B0527}.Debug|x86.ActiveCfg = Debug|Any CPU
		{0304A4C9-5EBF-4675-B55F-E9427F9B0527}.Release|Any CPU.ActiveCfg = Release|Any CPU
		{0304A4C9-5EBF-4675-B55F-E9427F9B0527}.Release|Any CPU.Build.0 = Release|Any CPU
		{0304A4C9-5EBF-4675-B55F-E9427F9B0527}.Release|Mixed Platforms.ActiveCfg = Release|Any CPU
		{0304A4C9-5EBF-4675-B55F-E9427F9B0527}.Release|Mixed Platforms.Build.0 = Release|Any CPU
		{0304A4C9-5EBF-4675-B55F-E9427F9B0527}.Release|x86.ActiveCfg = Release|Any CPU
		{673346C8-EB35-47BC-9A8E-BBD7FEF1B95D}.Debug|Any CPU.ActiveCfg = Debug|Any CPU
		{673346C8-EB35-47BC-9A8E-BBD7FEF1B95D}.Debug|Any CPU.Build.0 = Debug|Any CPU
		{673346C8-EB35-47BC-9A8E-BBD7FEF1B95D}.Debug|Mixed Platforms.ActiveCfg = Debug|Any CPU
		{673346C8-EB35-47BC-9A8E-BBD7FEF1B95D}.Debug|Mixed Platforms.Build.0 = Debug|Any CPU
		{673346C8-EB35-47BC-9A8E-BBD7FEF1B95D}.Debug|x86.ActiveCfg = Debug|Any CPU
		{673346C8-EB35-47BC-9A8E-BBD7FEF1B95D}.Release|Any CPU.ActiveCfg = Release|Any CPU
		{673346C8-EB35-47BC-9A8E-BBD7FEF1B95D}.Release|Any CPU.Build.0 = Release|Any CPU
		{673346C8-EB35-47BC-9A8E-BBD7FEF1B95D}.Release|Mixed Platforms.ActiveCfg = Release|Any CPU
		{673346C8-EB35-47BC-9A8E-BBD7FEF1B95D}.Release|Mixed Platforms.Build.0 = Release|Any CPU
		{673346C8-EB35-47BC-9A8E-BBD7FEF1B95D}.Release|x86.ActiveCfg = Release|Any CPU
		{E012CFF6-0085-447E-BB7B-45E6131B7758}.Debug|Any CPU.ActiveCfg = Debug|Any CPU
		{E012CFF6-0085-447E-BB7B-45E6131B7758}.Debug|Any CPU.Build.0 = Debug|Any CPU
		{E012CFF6-0085-447E-BB7B-45E6131B7758}.Debug|Mixed Platforms.ActiveCfg = Debug|Any CPU
		{E012CFF6-0085-447E-BB7B-45E6131B7758}.Debug|Mixed Platforms.Build.0 = Debug|Any CPU
		{E012CFF6-0085-447E-BB7B-45E6131B7758}.Debug|x86.ActiveCfg = Debug|Any CPU
		{E012CFF6-0085-447E-BB7B-45E6131B7758}.Release|Any CPU.ActiveCfg = Release|Any CPU
		{E012CFF6-0085-447E-BB7B-45E6131B7758}.Release|Any CPU.Build.0 = Release|Any CPU
		{E012CFF6-0085-447E-BB7B-45E6131B7758}.Release|Mixed Platforms.ActiveCfg = Release|Any CPU
		{E012CFF6-0085-447E-BB7B-45E6131B7758}.Release|Mixed Platforms.Build.0 = Release|Any CPU
		{E012CFF6-0085-447E-BB7B-45E6131B7758}.Release|x86.ActiveCfg = Release|Any CPU
		{E2E2D5F1-BF49-415A-8ED6-F2FC8F2CD209}.Debug|Any CPU.ActiveCfg = Debug|Any CPU
		{E2E2D5F1-BF49-415A-8ED6-F2FC8F2CD209}.Debug|Any CPU.Build.0 = Debug|Any CPU
		{E2E2D5F1-BF49-415A-8ED6-F2FC8F2CD209}.Debug|Mixed Platforms.ActiveCfg = Debug|Any CPU
		{E2E2D5F1-BF49-415A-8ED6-F2FC8F2CD209}.Debug|Mixed Platforms.Build.0 = Debug|Any CPU
		{E2E2D5F1-BF49-415A-8ED6-F2FC8F2CD209}.Debug|x86.ActiveCfg = Debug|Any CPU
		{E2E2D5F1-BF49-415A-8ED6-F2FC8F2CD209}.Release|Any CPU.ActiveCfg = Release|Any CPU
		{E2E2D5F1-BF49-415A-8ED6-F2FC8F2CD209}.Release|Any CPU.Build.0 = Release|Any CPU
		{E2E2D5F1-BF49-415A-8ED6-F2FC8F2CD209}.Release|Mixed Platforms.ActiveCfg = Release|Any CPU
		{E2E2D5F1-BF49-415A-8ED6-F2FC8F2CD209}.Release|Mixed Platforms.Build.0 = Release|Any CPU
		{E2E2D5F1-BF49-415A-8ED6-F2FC8F2CD209}.Release|x86.ActiveCfg = Release|Any CPU
		{F3ED23C3-BCC4-48D3-80BE-2FBA4BA576DA}.Debug|Any CPU.ActiveCfg = Debug|Any CPU
		{F3ED23C3-BCC4-48D3-80BE-2FBA4BA576DA}.Debug|Any CPU.Build.0 = Debug|Any CPU
		{F3ED23C3-BCC4-48D3-80BE-2FBA4BA576DA}.Debug|Mixed Platforms.ActiveCfg = Debug|Any CPU
		{F3ED23C3-BCC4-48D3-80BE-2FBA4BA576DA}.Debug|Mixed Platforms.Build.0 = Debug|Any CPU
		{F3ED23C3-BCC4-48D3-80BE-2FBA4BA576DA}.Debug|x86.ActiveCfg = Debug|Any CPU
		{F3ED23C3-BCC4-48D3-80BE-2FBA4BA576DA}.Release|Any CPU.ActiveCfg = Release|Any CPU
		{F3ED23C3-BCC4-48D3-80BE-2FBA4BA576DA}.Release|Any CPU.Build.0 = Release|Any CPU
		{F3ED23C3-BCC4-48D3-80BE-2FBA4BA576DA}.Release|Mixed Platforms.ActiveCfg = Release|Any CPU
		{F3ED23C3-BCC4-48D3-80BE-2FBA4BA576DA}.Release|Mixed Platforms.Build.0 = Release|Any CPU
		{F3ED23C3-BCC4-48D3-80BE-2FBA4BA576DA}.Release|x86.ActiveCfg = Release|Any CPU
		{AB6150E2-9367-4C06-86F1-4F5EF5CD5C5E}.Debug|Any CPU.ActiveCfg = Debug|Any CPU
		{AB6150E2-9367-4C06-86F1-4F5EF5CD5C5E}.Debug|Any CPU.Build.0 = Debug|Any CPU
		{AB6150E2-9367-4C06-86F1-4F5EF5CD5C5E}.Debug|Mixed Platforms.ActiveCfg = Debug|Any CPU
		{AB6150E2-9367-4C06-86F1-4F5EF5CD5C5E}.Debug|Mixed Platforms.Build.0 = Debug|Any CPU
		{AB6150E2-9367-4C06-86F1-4F5EF5CD5C5E}.Debug|x86.ActiveCfg = Debug|Any CPU
		{AB6150E2-9367-4C06-86F1-4F5EF5CD5C5E}.Release|Any CPU.ActiveCfg = Release|Any CPU
		{AB6150E2-9367-4C06-86F1-4F5EF5CD5C5E}.Release|Any CPU.Build.0 = Release|Any CPU
		{AB6150E2-9367-4C06-86F1-4F5EF5CD5C5E}.Release|Mixed Platforms.ActiveCfg = Release|Any CPU
		{AB6150E2-9367-4C06-86F1-4F5EF5CD5C5E}.Release|Mixed Platforms.Build.0 = Release|Any CPU
		{AB6150E2-9367-4C06-86F1-4F5EF5CD5C5E}.Release|x86.ActiveCfg = Release|Any CPU
		{2C02DB82-E845-418E-8307-6AEFE1363DEF}.Debug|Any CPU.ActiveCfg = Debug|Any CPU
		{2C02DB82-E845-418E-8307-6AEFE1363DEF}.Debug|Any CPU.Build.0 = Debug|Any CPU
		{2C02DB82-E845-418E-8307-6AEFE1363DEF}.Debug|Mixed Platforms.ActiveCfg = Debug|Any CPU
		{2C02DB82-E845-418E-8307-6AEFE1363DEF}.Debug|Mixed Platforms.Build.0 = Debug|Any CPU
		{2C02DB82-E845-418E-8307-6AEFE1363DEF}.Debug|x86.ActiveCfg = Debug|Any CPU
		{2C02DB82-E845-418E-8307-6AEFE1363DEF}.Release|Any CPU.ActiveCfg = Release|Any CPU
		{2C02DB82-E845-418E-8307-6AEFE1363DEF}.Release|Any CPU.Build.0 = Release|Any CPU
		{2C02DB82-E845-418E-8307-6AEFE1363DEF}.Release|Mixed Platforms.ActiveCfg = Release|Any CPU
		{2C02DB82-E845-418E-8307-6AEFE1363DEF}.Release|Mixed Platforms.Build.0 = Release|Any CPU
		{2C02DB82-E845-418E-8307-6AEFE1363DEF}.Release|x86.ActiveCfg = Release|Any CPU
	EndGlobalSection
	GlobalSection(SolutionProperties) = preSolution
		HideSolutionNode = FALSE
	EndGlobalSection
	GlobalSection(TestCaseManagementSettings) = postSolution
		CategoryFile = HSMPQApplication.vsmdi
	EndGlobalSection
EndGlobal
